
Microsoft Visual Studio Solution File, Format Version 12.00
# Visual Studio Version 17
VisualStudioVersion = 17.5.33627.172
MinimumVisualStudioVersion = 10.0.40219.1
Project("{8BC9CEB8-8B4A-11D0-8D11-00A0C91BC942}") = "TelloGUI", "TelloGUI\TelloGUI.vcxproj", "{927E93F0-C464-42BF-9C34-BFF6FEA7F073}"
EndProject
Project("{8BC9CEB8-8B4A-11D0-8D11-00A0C91BC942}") = "ExamplePlugin", "ExamplePlugin\ExamplePlugin.vcxproj", "{6DAD5192-E334-4703-9DF5-E3D87A5C63FF}"
EndProject
Project("{8BC9CEB8-8B4A-11D0-8D11-00A0C91BC942}") = "ExampleDatePlugin", "ExampleDatePlugin\ExampleDatePlugin.vcxproj", "{8280AC26-6708-474E-B1D8-86A374BE1555}"
EndProject
Project("{8BC9CEB8-8B4A-11D0-8D11-00A0C91BC942}") = "PlannedFlight", "PlannedFlight\PlannedFlight.vcxproj", "{3BE79AFA-585E-4BB4-8444-5F3C976DFE2A}"
EndProject
Project("{8BC9CEB8-8B4A-11D0-8D11-00A0C91BC942}") = "Tello", "Tello\Tello.vcxproj", "{66A11DA7-FDB4-4088-8427-4F04B792F1DF}"
EndProject
Global
	GlobalSection(SolutionConfigurationPlatforms) = preSolution
		Debug|x64 = Debug|x64
		Debug|x86 = Debug|x86
		Release|x64 = Release|x64
		Release|x86 = Release|x86
	EndGlobalSection
	GlobalSection(ProjectConfigurationPlatforms) = postSolution
		{927E93F0-C464-42BF-9C34-BFF6FEA7F073}.Debug|x64.ActiveCfg = Debug|x64
		{927E93F0-C464-42BF-9C34-BFF6FEA7F073}.Debug|x64.Build.0 = Debug|x64
		{927E93F0-C464-42BF-9C34-BFF6FEA7F073}.Debug|x86.ActiveCfg = Debug|Win32
		{927E93F0-C464-42BF-9C34-BFF6FEA7F073}.Debug|x86.Build.0 = Debug|Win32
		{927E93F0-C464-42BF-9C34-BFF6FEA7F073}.Release|x64.ActiveCfg = Release|x64
		{927E93F0-C464-42BF-9C34-BFF6FEA7F073}.Release|x64.Build.0 = Release|x64
		{927E93F0-C464-42BF-9C34-BFF6FEA7F073}.Release|x86.ActiveCfg = Release|Win32
		{927E93F0-C464-42BF-9C34-BFF6FEA7F073}.Release|x86.Build.0 = Release|Win32
		{6DAD5192-E334-4703-9DF5-E3D87A5C63FF}.Debug|x64.ActiveCfg = Debug|x64
		{6DAD5192-E334-4703-9DF5-E3D87A5C63FF}.Debug|x64.Build.0 = Debug|x64
		{6DAD5192-E334-4703-9DF5-E3D87A5C63FF}.Debug|x86.ActiveCfg = Debug|Win32
		{6DAD5192-E334-4703-9DF5-E3D87A5C63FF}.Debug|x86.Build.0 = Debug|Win32
		{6DAD5192-E334-4703-9DF5-E3D87A5C63FF}.Release|x64.ActiveCfg = Release|x64
		{6DAD5192-E334-4703-9DF5-E3D87A5C63FF}.Release|x64.Build.0 = Release|x64
		{6DAD5192-E334-4703-9DF5-E3D87A5C63FF}.Release|x86.ActiveCfg = Release|Win32
		{6DAD5192-E334-4703-9DF5-E3D87A5C63FF}.Release|x86.Build.0 = Release|Win32
		{8280AC26-6708-474E-B1D8-86A374BE1555}.Debug|x64.ActiveCfg = Debug|x64
		{8280AC26-6708-474E-B1D8-86A374BE1555}.Debug|x64.Build.0 = Debug|x64
		{8280AC26-6708-474E-B1D8-86A374BE1555}.Debug|x86.ActiveCfg = Debug|Win32
		{8280AC26-6708-474E-B1D8-86A374BE1555}.Debug|x86.Build.0 = Debug|Win32
		{8280AC26-6708-474E-B1D8-86A374BE1555}.Release|x64.ActiveCfg = Release|x64
		{8280AC26-6708-474E-B1D8-86A374BE1555}.Release|x64.Build.0 = Release|x64
		{8280AC26-6708-474E-B1D8-86A374BE1555}.Release|x86.ActiveCfg = Release|Win32
		{8280AC26-6708-474E-B1D8-86A374BE1555}.Release|x86.Build.0 = Release|Win32
		{3BE79AFA-585E-4BB4-8444-5F3C976DFE2A}.Debug|x64.ActiveCfg = Debug|x64
		{3BE79AFA-585E-4BB4-8444-5F3C976DFE2A}.Debug|x64.Build.0 = Debug|x64
		{3BE79AFA-585E-4BB4-8444-5F3C976DFE2A}.Debug|x86.ActiveCfg = Debug|Win32
		{3BE79AFA-585E-4BB4-8444-5F3C976DFE2A}.Debug|x86.Build.0 = Debug|Win32
		{3BE79AFA-585E-4BB4-8444-5F3C976DFE2A}.Release|x64.ActiveCfg = Release|x64
		{3BE79AFA-585E-4BB4-8444-5F3C976DFE2A}.Release|x64.Build.0 = Release|x64
		{3BE79AFA-585E-4BB4-8444-5F3C976DFE2A}.Release|x86.ActiveCfg = Release|Win32
		{3BE79AFA-585E-4BB4-8444-5F3C976DFE2A}.Release|x86.Build.0 = Release|Win32
		{66A11DA7-FDB4-4088-8427-4F04B792F1DF}.Debug|x64.ActiveCfg = Debug|x64
		{66A11DA7-FDB4-4088-8427-4F04B792F1DF}.Debug|x64.Build.0 = Debug|x64
		{66A11DA7-FDB4-4088-8427-4F04B792F1DF}.Debug|x86.ActiveCfg = Debug|Win32
		{66A11DA7-FDB4-4088-8427-4F04B792F1DF}.Debug|x86.Build.0 = Debug|Win32
		{66A11DA7-FDB4-4088-8427-4F04B792F1DF}.Release|x64.ActiveCfg = Release|x64
		{66A11DA7-FDB4-4088-8427-4F04B792F1DF}.Release|x64.Build.0 = Release|x64
		{66A11DA7-FDB4-4088-8427-4F04B792F1DF}.Release|x86.ActiveCfg = Release|Win32
		{66A11DA7-FDB4-4088-8427-4F04B792F1DF}.Release|x86.Build.0 = Release|Win32
	EndGlobalSection
	GlobalSection(SolutionProperties) = preSolution
		HideSolutionNode = FALSE
	EndGlobalSection
	GlobalSection(ExtensibilityGlobals) = postSolution
		SolutionGuid = {1EA54421-FD0F-4724-A7C1-80B5FACE6B15}
	EndGlobalSection
EndGlobal
